// !$*UTF8*$!
{
	archiveVersion = 1;
	classes = {
	};
	objectVersion = 46;
	objects = {

/* Begin PBXBuildFile section */
		0364A8861BB494EC00850EB6 /* main.cpp in Sources */ = {isa = PBXBuildFile; fileRef = 0364A8851BB494EC00850EB6 /* main.cpp */; };
		0364A88E1BB495E700850EB6 /* Constants.cpp in Sources */ = {isa = PBXBuildFile; fileRef = 0364A88C1BB495E700850EB6 /* Constants.cpp */; };
		0364A89B1BB605FB00850EB6 /* ASolver.cpp in Sources */ = {isa = PBXBuildFile; fileRef = 0364A8991BB605FB00850EB6 /* ASolver.cpp */; };
		0364A8A11BB60E7100850EB6 /* BesselCalc.cpp in Sources */ = {isa = PBXBuildFile; fileRef = 0364A89F1BB60E7100850EB6 /* BesselCalc.cpp */; };
		0364A8A41BB616B000850EB6 /* SHCalc.cpp in Sources */ = {isa = PBXBuildFile; fileRef = 0364A8A21BB616B000850EB6 /* SHCalc.cpp */; };
		0364A8A71BBA1E6F00850EB6 /* System.cpp in Sources */ = {isa = PBXBuildFile; fileRef = 0364A8A51BBA1E6F00850EB6 /* System.cpp */; };
		3DA744101BC2F36E0036BDDE /* gtest.framework in Frameworks */ = {isa = PBXBuildFile; fileRef = 3DA7440F1BC2F36E0036BDDE /* gtest.framework */; };
		3DA744161BC2FB3D0036BDDE /* BesselCalcUnitTest.h in Sources */ = {isa = PBXBuildFile; fileRef = 3DA744151BC2FB3D0036BDDE /* BesselCalcUnitTest.h */; };
		3DA744181BC2FBC10036BDDE /* main.cpp in Sources */ = {isa = PBXBuildFile; fileRef = 3DA7440A1BC2F35B0036BDDE /* main.cpp */; };
		3DA7441A1BC3153D0036BDDE /* ASolver.cpp in Sources */ = {isa = PBXBuildFile; fileRef = 0364A8991BB605FB00850EB6 /* ASolver.cpp */; };
		3DA7441B1BC3153D0036BDDE /* ASolver.h in Sources */ = {isa = PBXBuildFile; fileRef = 0364A89A1BB605FB00850EB6 /* ASolver.h */; };
		3DA7441C1BC3153D0036BDDE /* BesselCalc.cpp in Sources */ = {isa = PBXBuildFile; fileRef = 0364A89F1BB60E7100850EB6 /* BesselCalc.cpp */; };
		3DA7441D1BC3153D0036BDDE /* BesselCalc.h in Sources */ = {isa = PBXBuildFile; fileRef = 0364A8A01BB60E7100850EB6 /* BesselCalc.h */; };
		3DA7441E1BC3153D0036BDDE /* BesselCalcTest.h in Sources */ = {isa = PBXBuildFile; fileRef = 52FC86F51BBDAB55009E19F0 /* BesselCalcTest.h */; };
		3DA7441F1BC3153D0036BDDE /* Constants.cpp in Sources */ = {isa = PBXBuildFile; fileRef = 0364A88C1BB495E700850EB6 /* Constants.cpp */; };
		3DA744201BC3153D0036BDDE /* Constants.h in Sources */ = {isa = PBXBuildFile; fileRef = 0364A88D1BB495E700850EB6 /* Constants.h */; };
		3DA744221BC3153D0036BDDE /* MyMatrix.h in Sources */ = {isa = PBXBuildFile; fileRef = 0364A8901BB496BF00850EB6 /* MyMatrix.h */; };
		3DA744231BC3153D0036BDDE /* SHCalc.cpp in Sources */ = {isa = PBXBuildFile; fileRef = 0364A8A21BB616B000850EB6 /* SHCalc.cpp */; };
		3DA744241BC3153D0036BDDE /* SHCalc.h in Sources */ = {isa = PBXBuildFile; fileRef = 0364A8A31BB616B000850EB6 /* SHCalc.h */; };
		3DA744251BC3153D0036BDDE /* SHCalcTest.h in Sources */ = {isa = PBXBuildFile; fileRef = 52FC86F91BBE011F009E19F0 /* SHCalcTest.h */; };
		3DA744261BC3153D0036BDDE /* System.cpp in Sources */ = {isa = PBXBuildFile; fileRef = 0364A8A51BBA1E6F00850EB6 /* System.cpp */; };
		3DA744271BC3153D0036BDDE /* System.h in Sources */ = {isa = PBXBuildFile; fileRef = 0364A8A61BBA1E6F00850EB6 /* System.h */; };
		3DA744281BC3153D0036BDDE /* tester.h in Sources */ = {isa = PBXBuildFile; fileRef = 52FC86F81BBDCE4A009E19F0 /* tester.h */; };
		3DA744291BC3153D0036BDDE /* util.h in Sources */ = {isa = PBXBuildFile; fileRef = 0364A8931BB4A90400850EB6 /* util.h */; };
/* End PBXBuildFile section */

/* Begin PBXCopyFilesBuildPhase section */
		0364A8801BB494EC00850EB6 /* CopyFiles */ = {
			isa = PBXCopyFilesBuildPhase;
			buildActionMask = 2147483647;
			dstPath = /usr/share/man/man1/;
			dstSubfolderSpec = 0;
			files = (
			);
			runOnlyForDeploymentPostprocessing = 1;
		};
		3DA744061BC2F35B0036BDDE /* CopyFiles */ = {
			isa = PBXCopyFilesBuildPhase;
			buildActionMask = 2147483647;
			dstPath = /usr/share/man/man1/;
			dstSubfolderSpec = 0;
			files = (
			);
			runOnlyForDeploymentPostprocessing = 1;
		};
/* End PBXCopyFilesBuildPhase section */

/* Begin PBXFileReference section */
		0364A8821BB494EC00850EB6 /* pb_solvers_code */ = {isa = PBXFileReference; explicitFileType = "compiled.mach-o.executable"; includeInIndex = 0; path = pb_solvers_code; sourceTree = BUILT_PRODUCTS_DIR; };
		0364A8851BB494EC00850EB6 /* main.cpp */ = {isa = PBXFileReference; lastKnownFileType = sourcecode.cpp.cpp; path = main.cpp; sourceTree = "<group>"; };
		0364A88C1BB495E700850EB6 /* Constants.cpp */ = {isa = PBXFileReference; fileEncoding = 4; lastKnownFileType = sourcecode.cpp.cpp; path = Constants.cpp; sourceTree = "<group>"; };
		0364A88D1BB495E700850EB6 /* Constants.h */ = {isa = PBXFileReference; fileEncoding = 4; lastKnownFileType = sourcecode.c.h; path = Constants.h; sourceTree = "<group>"; };
		0364A8901BB496BF00850EB6 /* MyMatrix.h */ = {isa = PBXFileReference; fileEncoding = 4; lastKnownFileType = sourcecode.c.h; path = MyMatrix.h; sourceTree = "<group>"; };
		0364A8931BB4A90400850EB6 /* util.h */ = {isa = PBXFileReference; fileEncoding = 4; lastKnownFileType = sourcecode.c.h; path = util.h; sourceTree = "<group>"; };
		0364A8991BB605FB00850EB6 /* ASolver.cpp */ = {isa = PBXFileReference; fileEncoding = 4; lastKnownFileType = sourcecode.cpp.cpp; path = ASolver.cpp; sourceTree = "<group>"; };
		0364A89A1BB605FB00850EB6 /* ASolver.h */ = {isa = PBXFileReference; fileEncoding = 4; lastKnownFileType = sourcecode.c.h; path = ASolver.h; sourceTree = "<group>"; };
		0364A89F1BB60E7100850EB6 /* BesselCalc.cpp */ = {isa = PBXFileReference; fileEncoding = 4; lastKnownFileType = sourcecode.cpp.cpp; path = BesselCalc.cpp; sourceTree = "<group>"; };
		0364A8A01BB60E7100850EB6 /* BesselCalc.h */ = {isa = PBXFileReference; fileEncoding = 4; lastKnownFileType = sourcecode.c.h; path = BesselCalc.h; sourceTree = "<group>"; };
		0364A8A21BB616B000850EB6 /* SHCalc.cpp */ = {isa = PBXFileReference; fileEncoding = 4; lastKnownFileType = sourcecode.cpp.cpp; path = SHCalc.cpp; sourceTree = "<group>"; };
		0364A8A31BB616B000850EB6 /* SHCalc.h */ = {isa = PBXFileReference; fileEncoding = 4; lastKnownFileType = sourcecode.c.h; path = SHCalc.h; sourceTree = "<group>"; };
		0364A8A51BBA1E6F00850EB6 /* System.cpp */ = {isa = PBXFileReference; fileEncoding = 4; lastKnownFileType = sourcecode.cpp.cpp; path = System.cpp; sourceTree = "<group>"; };
		0364A8A61BBA1E6F00850EB6 /* System.h */ = {isa = PBXFileReference; fileEncoding = 4; lastKnownFileType = sourcecode.c.h; path = System.h; sourceTree = "<group>"; };
		3DA744081BC2F35B0036BDDE /* Tests */ = {isa = PBXFileReference; explicitFileType = "compiled.mach-o.executable"; includeInIndex = 0; path = Tests; sourceTree = BUILT_PRODUCTS_DIR; };
		3DA7440A1BC2F35B0036BDDE /* main.cpp */ = {isa = PBXFileReference; lastKnownFileType = sourcecode.cpp.cpp; path = main.cpp; sourceTree = "<group>"; };
		3DA7440F1BC2F36E0036BDDE /* gtest.framework */ = {isa = PBXFileReference; lastKnownFileType = wrapper.framework; name = gtest.framework; path = ../../../../gtest.framework; sourceTree = "<group>"; };
		3DA744151BC2FB3D0036BDDE /* BesselCalcUnitTest.h */ = {isa = PBXFileReference; fileEncoding = 4; lastKnownFileType = sourcecode.c.h; name = BesselCalcUnitTest.h; path = ../pb_solvers_code/BesselCalcUnitTest.h; sourceTree = "<group>"; };
		3DA7442A1BC319C20036BDDE /* SHCalcUnitTest.h */ = {isa = PBXFileReference; fileEncoding = 4; lastKnownFileType = sourcecode.c.h; path = SHCalcUnitTest.h; sourceTree = "<group>"; };
		52FC86F51BBDAB55009E19F0 /* BesselCalcTest.h */ = {isa = PBXFileReference; fileEncoding = 4; lastKnownFileType = sourcecode.c.h; path = BesselCalcTest.h; sourceTree = "<group>"; };
		52FC86F81BBDCE4A009E19F0 /* tester.h */ = {isa = PBXFileReference; fileEncoding = 4; lastKnownFileType = sourcecode.c.h; path = tester.h; sourceTree = "<group>"; };
		52FC86F91BBE011F009E19F0 /* SHCalcTest.h */ = {isa = PBXFileReference; fileEncoding = 4; lastKnownFileType = sourcecode.c.h; path = SHCalcTest.h; sourceTree = "<group>"; };
/* End PBXFileReference section */

/* Begin PBXFrameworksBuildPhase section */
		0364A87F1BB494EC00850EB6 /* Frameworks */ = {
			isa = PBXFrameworksBuildPhase;
			buildActionMask = 2147483647;
			files = (
			);
			runOnlyForDeploymentPostprocessing = 0;
		};
		3DA744051BC2F35B0036BDDE /* Frameworks */ = {
			isa = PBXFrameworksBuildPhase;
			buildActionMask = 2147483647;
			files = (
				3DA744101BC2F36E0036BDDE /* gtest.framework in Frameworks */,
			);
			runOnlyForDeploymentPostprocessing = 0;
		};
/* End PBXFrameworksBuildPhase section */

/* Begin PBXGroup section */
		0364A8791BB494EC00850EB6 = {
			isa = PBXGroup;
			children = (
				3DA7440F1BC2F36E0036BDDE /* gtest.framework */,
				0364A8841BB494EC00850EB6 /* pb_solvers_code */,
				3DA744091BC2F35B0036BDDE /* Tests */,
				0364A8831BB494EC00850EB6 /* Products */,
			);
			sourceTree = "<group>";
		};
		0364A8831BB494EC00850EB6 /* Products */ = {
			isa = PBXGroup;
			children = (
				0364A8821BB494EC00850EB6 /* pb_solvers_code */,
				3DA744081BC2F35B0036BDDE /* Tests */,
			);
			name = Products;
			sourceTree = "<group>";
		};
		0364A8841BB494EC00850EB6 /* pb_solvers_code */ = {
			isa = PBXGroup;
			children = (
				0364A8991BB605FB00850EB6 /* ASolver.cpp */,
				0364A89A1BB605FB00850EB6 /* ASolver.h */,
				0364A89F1BB60E7100850EB6 /* BesselCalc.cpp */,
				0364A8A01BB60E7100850EB6 /* BesselCalc.h */,
				52FC86F51BBDAB55009E19F0 /* BesselCalcTest.h */,
				0364A88C1BB495E700850EB6 /* Constants.cpp */,
				0364A88D1BB495E700850EB6 /* Constants.h */,
				0364A8851BB494EC00850EB6 /* main.cpp */,
				0364A8901BB496BF00850EB6 /* MyMatrix.h */,
				0364A8A21BB616B000850EB6 /* SHCalc.cpp */,
				0364A8A31BB616B000850EB6 /* SHCalc.h */,
				52FC86F91BBE011F009E19F0 /* SHCalcTest.h */,
				0364A8A51BBA1E6F00850EB6 /* System.cpp */,
				0364A8A61BBA1E6F00850EB6 /* System.h */,
				52FC86F81BBDCE4A009E19F0 /* tester.h */,
				0364A8931BB4A90400850EB6 /* util.h */,
			);
			path = pb_solvers_code;
			sourceTree = "<group>";
		};
		3DA744091BC2F35B0036BDDE /* Tests */ = {
			isa = PBXGroup;
			children = (
				3DA744151BC2FB3D0036BDDE /* BesselCalcUnitTest.h */,
				3DA7440A1BC2F35B0036BDDE /* main.cpp */,
				3DA7442A1BC319C20036BDDE /* SHCalcUnitTest.h */,
			);
			path = Tests;
			sourceTree = "<group>";
		};
/* End PBXGroup section */

/* Begin PBXNativeTarget section */
		0364A8811BB494EC00850EB6 /* pb_solvers_code */ = {
			isa = PBXNativeTarget;
			buildConfigurationList = 0364A8891BB494EC00850EB6 /* Build configuration list for PBXNativeTarget "pb_solvers_code" */;
			buildPhases = (
				0364A87E1BB494EC00850EB6 /* Sources */,
				0364A87F1BB494EC00850EB6 /* Frameworks */,
				0364A8801BB494EC00850EB6 /* CopyFiles */,
			);
			buildRules = (
			);
			dependencies = (
			);
			name = pb_solvers_code;
			productName = pb_solvers_code;
			productReference = 0364A8821BB494EC00850EB6 /* pb_solvers_code */;
			productType = "com.apple.product-type.tool";
		};
		3DA744071BC2F35B0036BDDE /* Tests */ = {
			isa = PBXNativeTarget;
			buildConfigurationList = 3DA7440E1BC2F35B0036BDDE /* Build configuration list for PBXNativeTarget "Tests" */;
			buildPhases = (
				3DA744041BC2F35B0036BDDE /* Sources */,
				3DA744051BC2F35B0036BDDE /* Frameworks */,
				3DA744061BC2F35B0036BDDE /* CopyFiles */,
			);
			buildRules = (
			);
			dependencies = (
			);
			name = Tests;
			productName = Tests;
			productReference = 3DA744081BC2F35B0036BDDE /* Tests */;
			productType = "com.apple.product-type.tool";
		};
/* End PBXNativeTarget section */

/* Begin PBXProject section */
		0364A87A1BB494EC00850EB6 /* Project object */ = {
			isa = PBXProject;
			attributes = {
				LastUpgradeCheck = 0700;
				ORGANIZATIONNAME = "David Brookes";
				TargetAttributes = {
					0364A8811BB494EC00850EB6 = {
						CreatedOnToolsVersion = 7.0;
					};
					3DA744071BC2F35B0036BDDE = {
						CreatedOnToolsVersion = 6.4;
					};
				};
			};
			buildConfigurationList = 0364A87D1BB494EC00850EB6 /* Build configuration list for PBXProject "pb_solvers_code" */;
			compatibilityVersion = "Xcode 3.2";
			developmentRegion = English;
			hasScannedForEncodings = 0;
			knownRegions = (
				en,
			);
			mainGroup = 0364A8791BB494EC00850EB6;
			productRefGroup = 0364A8831BB494EC00850EB6 /* Products */;
			projectDirPath = "";
			projectRoot = "";
			targets = (
				0364A8811BB494EC00850EB6 /* pb_solvers_code */,
				3DA744071BC2F35B0036BDDE /* Tests */,
			);
		};
/* End PBXProject section */

/* Begin PBXSourcesBuildPhase section */
		0364A87E1BB494EC00850EB6 /* Sources */ = {
			isa = PBXSourcesBuildPhase;
			buildActionMask = 2147483647;
			files = (
				0364A8A41BB616B000850EB6 /* SHCalc.cpp in Sources */,
				0364A8A11BB60E7100850EB6 /* BesselCalc.cpp in Sources */,
				3DA744161BC2FB3D0036BDDE /* BesselCalcUnitTest.h in Sources */,
				0364A89B1BB605FB00850EB6 /* ASolver.cpp in Sources */,
				0364A8861BB494EC00850EB6 /* main.cpp in Sources */,
				0364A88E1BB495E700850EB6 /* Constants.cpp in Sources */,
				0364A8A71BBA1E6F00850EB6 /* System.cpp in Sources */,
			);
			runOnlyForDeploymentPostprocessing = 0;
		};
		3DA744041BC2F35B0036BDDE /* Sources */ = {
			isa = PBXSourcesBuildPhase;
			buildActionMask = 2147483647;
			files = (
				3DA7441A1BC3153D0036BDDE /* ASolver.cpp in Sources */,
				3DA7441B1BC3153D0036BDDE /* ASolver.h in Sources */,
				3DA7441C1BC3153D0036BDDE /* BesselCalc.cpp in Sources */,
				3DA7441D1BC3153D0036BDDE /* BesselCalc.h in Sources */,
				3DA7441E1BC3153D0036BDDE /* BesselCalcTest.h in Sources */,
				3DA7441F1BC3153D0036BDDE /* Constants.cpp in Sources */,
				3DA744201BC3153D0036BDDE /* Constants.h in Sources */,
				3DA744221BC3153D0036BDDE /* MyMatrix.h in Sources */,
				3DA744231BC3153D0036BDDE /* SHCalc.cpp in Sources */,
				3DA744241BC3153D0036BDDE /* SHCalc.h in Sources */,
				3DA744251BC3153D0036BDDE /* SHCalcTest.h in Sources */,
				3DA744261BC3153D0036BDDE /* System.cpp in Sources */,
				3DA744271BC3153D0036BDDE /* System.h in Sources */,
				3DA744281BC3153D0036BDDE /* tester.h in Sources */,
				3DA744291BC3153D0036BDDE /* util.h in Sources */,
				3DA744181BC2FBC10036BDDE /* main.cpp in Sources */,
			);
			runOnlyForDeploymentPostprocessing = 0;
		};
/* End PBXSourcesBuildPhase section */

/* Begin XCBuildConfiguration section */
		0364A8871BB494EC00850EB6 /* Debug */ = {
			isa = XCBuildConfiguration;
			buildSettings = {
				ALWAYS_SEARCH_USER_PATHS = NO;
				CLANG_CXX_LANGUAGE_STANDARD = "gnu++0x";
				CLANG_CXX_LIBRARY = "libc++";
				CLANG_ENABLE_MODULES = YES;
				CLANG_ENABLE_OBJC_ARC = YES;
				CLANG_WARN_BOOL_CONVERSION = YES;
				CLANG_WARN_CONSTANT_CONVERSION = YES;
				CLANG_WARN_DIRECT_OBJC_ISA_USAGE = YES_ERROR;
				CLANG_WARN_EMPTY_BODY = YES;
				CLANG_WARN_ENUM_CONVERSION = YES;
				CLANG_WARN_INT_CONVERSION = YES;
				CLANG_WARN_OBJC_ROOT_CLASS = YES_ERROR;
				CLANG_WARN_UNREACHABLE_CODE = YES;
				CLANG_WARN__DUPLICATE_METHOD_MATCH = YES;
				COPY_PHASE_STRIP = NO;
				DEBUG_INFORMATION_FORMAT = dwarf;
				ENABLE_STRICT_OBJC_MSGSEND = YES;
				ENABLE_TESTABILITY = YES;
				GCC_C_LANGUAGE_STANDARD = gnu99;
				GCC_DYNAMIC_NO_PIC = NO;
				GCC_NO_COMMON_BLOCKS = YES;
				GCC_OPTIMIZATION_LEVEL = 0;
				GCC_PREPROCESSOR_DEFINITIONS = (
					"DEBUG=1",
					"$(inherited)",
				);
				GCC_WARN_64_TO_32_BIT_CONVERSION = YES;
				GCC_WARN_ABOUT_RETURN_TYPE = YES_ERROR;
				GCC_WARN_UNDECLARED_SELECTOR = YES;
				GCC_WARN_UNINITIALIZED_AUTOS = YES_AGGRESSIVE;
				GCC_WARN_UNUSED_FUNCTION = YES;
				GCC_WARN_UNUSED_VARIABLE = YES;
				MACOSX_DEPLOYMENT_TARGET = 10.10;
				MTL_ENABLE_DEBUG_INFO = YES;
				ONLY_ACTIVE_ARCH = YES;
				SDKROOT = macosx;
			};
			name = Debug;
		};
		0364A8881BB494EC00850EB6 /* Release */ = {
			isa = XCBuildConfiguration;
			buildSettings = {
				ALWAYS_SEARCH_USER_PATHS = NO;
				CLANG_CXX_LANGUAGE_STANDARD = "gnu++0x";
				CLANG_CXX_LIBRARY = "libc++";
				CLANG_ENABLE_MODULES = YES;
				CLANG_ENABLE_OBJC_ARC = YES;
				CLANG_WARN_BOOL_CONVERSION = YES;
				CLANG_WARN_CONSTANT_CONVERSION = YES;
				CLANG_WARN_DIRECT_OBJC_ISA_USAGE = YES_ERROR;
				CLANG_WARN_EMPTY_BODY = YES;
				CLANG_WARN_ENUM_CONVERSION = YES;
				CLANG_WARN_INT_CONVERSION = YES;
				CLANG_WARN_OBJC_ROOT_CLASS = YES_ERROR;
				CLANG_WARN_UNREACHABLE_CODE = YES;
				CLANG_WARN__DUPLICATE_METHOD_MATCH = YES;
				COPY_PHASE_STRIP = NO;
				DEBUG_INFORMATION_FORMAT = "dwarf-with-dsym";
				ENABLE_NS_ASSERTIONS = NO;
				ENABLE_STRICT_OBJC_MSGSEND = YES;
				GCC_C_LANGUAGE_STANDARD = gnu99;
				GCC_NO_COMMON_BLOCKS = YES;
				GCC_WARN_64_TO_32_BIT_CONVERSION = YES;
				GCC_WARN_ABOUT_RETURN_TYPE = YES_ERROR;
				GCC_WARN_UNDECLARED_SELECTOR = YES;
				GCC_WARN_UNINITIALIZED_AUTOS = YES_AGGRESSIVE;
				GCC_WARN_UNUSED_FUNCTION = YES;
				GCC_WARN_UNUSED_VARIABLE = YES;
				MACOSX_DEPLOYMENT_TARGET = 10.10;
				MTL_ENABLE_DEBUG_INFO = NO;
				SDKROOT = macosx;
			};
			name = Release;
		};
		0364A88A1BB494EC00850EB6 /* Debug */ = {
			isa = XCBuildConfiguration;
			buildSettings = {
				CLANG_CXX_LANGUAGE_STANDARD = "c++98";
				CLANG_CXX_LIBRARY = "libstdc++";
				PRODUCT_NAME = "$(TARGET_NAME)";
			};
			name = Debug;
		};
		0364A88B1BB494EC00850EB6 /* Release */ = {
			isa = XCBuildConfiguration;
			buildSettings = {
				CLANG_CXX_LANGUAGE_STANDARD = "c++98";
				CLANG_CXX_LIBRARY = "libstdc++";
				PRODUCT_NAME = "$(TARGET_NAME)";
			};
			name = Release;
		};
		3DA7440C1BC2F35B0036BDDE /* Debug */ = {
			isa = XCBuildConfiguration;
			buildSettings = {
				CLANG_CXX_LANGUAGE_STANDARD = "c++0x";
				CLANG_CXX_LIBRARY = "libc++";
				FRAMEWORK_SEARCH_PATHS = (
					"$(inherited)",
					/Users/mariellesoniat/Desktop,
				);
				GCC_C_LANGUAGE_STANDARD = "compiler-default";
				GCC_PREPROCESSOR_DEFINITIONS = (
					"DEBUG=1",
					"$(inherited)",
				);
				GCC_SYMBOLS_PRIVATE_EXTERN = NO;
				"HEADER_SEARCH_PATHS[arch=*]" = /Users/mariellesoniat/Desktop/PEM/PBSAM_ReWrite/pb_solvers/pb_solvers_code/pb_solvers_code;
				PRODUCT_NAME = "$(TARGET_NAME)";
			};
			name = Debug;
		};
		3DA7440D1BC2F35B0036BDDE /* Release */ = {
			isa = XCBuildConfiguration;
			buildSettings = {
				CLANG_CXX_LANGUAGE_STANDARD = "c++0x";
				CLANG_CXX_LIBRARY = "libc++";
				FRAMEWORK_SEARCH_PATHS = (
					"$(inherited)",
					/Users/mariellesoniat/Desktop,
				);
				GCC_C_LANGUAGE_STANDARD = "compiler-default";
				PRODUCT_NAME = "$(TARGET_NAME)";
			};
			name = Release;
		};
/* End XCBuildConfiguration section */

/* Begin XCConfigurationList section */
		0364A87D1BB494EC00850EB6 /* Build configuration list for PBXProject "pb_solvers_code" */ = {
			isa = XCConfigurationList;
			buildConfigurations = (
				0364A8871BB494EC00850EB6 /* Debug */,
				0364A8881BB494EC00850EB6 /* Release */,
			);
			defaultConfigurationIsVisible = 0;
			defaultConfigurationName = Release;
		};
		0364A8891BB494EC00850EB6 /* Build configuration list for PBXNativeTarget "pb_solvers_code" */ = {
			isa = XCConfigurationList;
			buildConfigurations = (
				0364A88A1BB494EC00850EB6 /* Debug */,
				0364A88B1BB494EC00850EB6 /* Release */,
			);
			defaultConfigurationIsVisible = 0;
			defaultConfigurationName = Release;
		};
		3DA7440E1BC2F35B0036BDDE /* Build configuration list for PBXNativeTarget "Tests" */ = {
			isa = XCConfigurationList;
			buildConfigurations = (
				3DA7440C1BC2F35B0036BDDE /* Debug */,
				3DA7440D1BC2F35B0036BDDE /* Release */,
			);
			defaultConfigurationIsVisible = 0;
		};
/* End XCConfigurationList section */
	};
	rootObject = 0364A87A1BB494EC00850EB6 /* Project object */;
}
