// !$*UTF8*$!
{
	archiveVersion = 1;
	classes = {
	};
	objectVersion = 46;
	objects = {

/* Begin PBXBuildFile section */
		0364A8861BB494EC00850EB6 /* main.cpp in Sources */ = {isa = PBXBuildFile; fileRef = 0364A8851BB494EC00850EB6 /* main.cpp */; };
		0364A88E1BB495E700850EB6 /* Constants.cpp in Sources */ = {isa = PBXBuildFile; fileRef = 0364A88C1BB495E700850EB6 /* Constants.cpp */; settings = {ASSET_TAGS = (); }; };
		0364A89B1BB605FB00850EB6 /* ASolver.cpp in Sources */ = {isa = PBXBuildFile; fileRef = 0364A8991BB605FB00850EB6 /* ASolver.cpp */; settings = {ASSET_TAGS = (); }; };
		0364A8A11BB60E7100850EB6 /* BesselCalc.cpp in Sources */ = {isa = PBXBuildFile; fileRef = 0364A89F1BB60E7100850EB6 /* BesselCalc.cpp */; settings = {ASSET_TAGS = (); }; };
		0364A8A41BB616B000850EB6 /* SHCalc.cpp in Sources */ = {isa = PBXBuildFile; fileRef = 0364A8A21BB616B000850EB6 /* SHCalc.cpp */; settings = {ASSET_TAGS = (); }; };
		0364A8A71BBA1E6F00850EB6 /* System.cpp in Sources */ = {isa = PBXBuildFile; fileRef = 0364A8A51BBA1E6F00850EB6 /* System.cpp */; settings = {ASSET_TAGS = (); }; };
/* End PBXBuildFile section */

/* Begin PBXCopyFilesBuildPhase section */
		0364A8801BB494EC00850EB6 /* CopyFiles */ = {
			isa = PBXCopyFilesBuildPhase;
			buildActionMask = 2147483647;
			dstPath = /usr/share/man/man1/;
			dstSubfolderSpec = 0;
			files = (
			);
			runOnlyForDeploymentPostprocessing = 1;
		};
/* End PBXCopyFilesBuildPhase section */

/* Begin PBXFileReference section */
		0364A8821BB494EC00850EB6 /* pb_solvers_code */ = {isa = PBXFileReference; explicitFileType = "compiled.mach-o.executable"; includeInIndex = 0; path = pb_solvers_code; sourceTree = BUILT_PRODUCTS_DIR; };
		0364A8851BB494EC00850EB6 /* main.cpp */ = {isa = PBXFileReference; lastKnownFileType = sourcecode.cpp.cpp; path = main.cpp; sourceTree = "<group>"; };
		0364A88C1BB495E700850EB6 /* Constants.cpp */ = {isa = PBXFileReference; fileEncoding = 4; lastKnownFileType = sourcecode.cpp.cpp; path = Constants.cpp; sourceTree = "<group>"; };
		0364A88D1BB495E700850EB6 /* Constants.h */ = {isa = PBXFileReference; fileEncoding = 4; lastKnownFileType = sourcecode.c.h; path = Constants.h; sourceTree = "<group>"; };
		0364A8901BB496BF00850EB6 /* MyMatrix.h */ = {isa = PBXFileReference; fileEncoding = 4; lastKnownFileType = sourcecode.c.h; path = MyMatrix.h; sourceTree = "<group>"; };
		0364A8931BB4A90400850EB6 /* util.h */ = {isa = PBXFileReference; fileEncoding = 4; lastKnownFileType = sourcecode.c.h; path = util.h; sourceTree = "<group>"; };
		0364A8991BB605FB00850EB6 /* ASolver.cpp */ = {isa = PBXFileReference; fileEncoding = 4; lastKnownFileType = sourcecode.cpp.cpp; path = ASolver.cpp; sourceTree = "<group>"; };
		0364A89A1BB605FB00850EB6 /* ASolver.h */ = {isa = PBXFileReference; fileEncoding = 4; lastKnownFileType = sourcecode.c.h; path = ASolver.h; sourceTree = "<group>"; };
		0364A89F1BB60E7100850EB6 /* BesselCalc.cpp */ = {isa = PBXFileReference; fileEncoding = 4; lastKnownFileType = sourcecode.cpp.cpp; path = BesselCalc.cpp; sourceTree = "<group>"; };
		0364A8A01BB60E7100850EB6 /* BesselCalc.h */ = {isa = PBXFileReference; fileEncoding = 4; lastKnownFileType = sourcecode.c.h; path = BesselCalc.h; sourceTree = "<group>"; };
		0364A8A21BB616B000850EB6 /* SHCalc.cpp */ = {isa = PBXFileReference; fileEncoding = 4; lastKnownFileType = sourcecode.cpp.cpp; path = SHCalc.cpp; sourceTree = "<group>"; };
		0364A8A31BB616B000850EB6 /* SHCalc.h */ = {isa = PBXFileReference; fileEncoding = 4; lastKnownFileType = sourcecode.c.h; path = SHCalc.h; sourceTree = "<group>"; };
		0364A8A51BBA1E6F00850EB6 /* System.cpp */ = {isa = PBXFileReference; fileEncoding = 4; lastKnownFileType = sourcecode.cpp.cpp; path = System.cpp; sourceTree = "<group>"; };
		0364A8A61BBA1E6F00850EB6 /* System.h */ = {isa = PBXFileReference; fileEncoding = 4; lastKnownFileType = sourcecode.c.h; path = System.h; sourceTree = "<group>"; };
/* End PBXFileReference section */

/* Begin PBXFrameworksBuildPhase section */
		0364A87F1BB494EC00850EB6 /* Frameworks */ = {
			isa = PBXFrameworksBuildPhase;
			buildActionMask = 2147483647;
			files = (
			);
			runOnlyForDeploymentPostprocessing = 0;
		};
/* End PBXFrameworksBuildPhase section */

/* Begin PBXGroup section */
		0364A8791BB494EC00850EB6 = {
			isa = PBXGroup;
			children = (
				0364A8841BB494EC00850EB6 /* pb_solvers_code */,
				0364A8831BB494EC00850EB6 /* Products */,
			);
			sourceTree = "<group>";
		};
		0364A8831BB494EC00850EB6 /* Products */ = {
			isa = PBXGroup;
			children = (
				0364A8821BB494EC00850EB6 /* pb_solvers_code */,
			);
			name = Products;
			sourceTree = "<group>";
		};
		0364A8841BB494EC00850EB6 /* pb_solvers_code */ = {
			isa = PBXGroup;
			children = (
				0364A88C1BB495E700850EB6 /* Constants.cpp */,
				0364A88D1BB495E700850EB6 /* Constants.h */,
				0364A8851BB494EC00850EB6 /* main.cpp */,
				0364A8901BB496BF00850EB6 /* MyMatrix.h */,
				0364A8931BB4A90400850EB6 /* util.h */,
				0364A8991BB605FB00850EB6 /* ASolver.cpp */,
				0364A89A1BB605FB00850EB6 /* ASolver.h */,
				0364A89F1BB60E7100850EB6 /* BesselCalc.cpp */,
				0364A8A01BB60E7100850EB6 /* BesselCalc.h */,
				0364A8A21BB616B000850EB6 /* SHCalc.cpp */,
				0364A8A31BB616B000850EB6 /* SHCalc.h */,
				0364A8A51BBA1E6F00850EB6 /* System.cpp */,
				0364A8A61BBA1E6F00850EB6 /* System.h */,
			);
			path = pb_solvers_code;
			sourceTree = "<group>";
		};
/* End PBXGroup section */

/* Begin PBXNativeTarget section */
		0364A8811BB494EC00850EB6 /* pb_solvers_code */ = {
			isa = PBXNativeTarget;
			buildConfigurationList = 0364A8891BB494EC00850EB6 /* Build configuration list for PBXNativeTarget "pb_solvers_code" */;
			buildPhases = (
				0364A87E1BB494EC00850EB6 /* Sources */,
				0364A87F1BB494EC00850EB6 /* Frameworks */,
				0364A8801BB494EC00850EB6 /* CopyFiles */,
			);
			buildRules = (
			);
			dependencies = (
			);
			name = pb_solvers_code;
			productName = pb_solvers_code;
			productReference = 0364A8821BB494EC00850EB6 /* pb_solvers_code */;
			productType = "com.apple.product-type.tool";
		};
/* End PBXNativeTarget section */

/* Begin PBXProject section */
		0364A87A1BB494EC00850EB6 /* Project object */ = {
			isa = PBXProject;
			attributes = {
				LastUpgradeCheck = 0700;
				ORGANIZATIONNAME = "David Brookes";
				TargetAttributes = {
					0364A8811BB494EC00850EB6 = {
						CreatedOnToolsVersion = 7.0;
					};
				};
			};
			buildConfigurationList = 0364A87D1BB494EC00850EB6 /* Build configuration list for PBXProject "pb_solvers_code" */;
			compatibilityVersion = "Xcode 3.2";
			developmentRegion = English;
			hasScannedForEncodings = 0;
			knownRegions = (
				en,
			);
			mainGroup = 0364A8791BB494EC00850EB6;
			productRefGroup = 0364A8831BB494EC00850EB6 /* Products */;
			projectDirPath = "";
			projectRoot = "";
			targets = (
				0364A8811BB494EC00850EB6 /* pb_solvers_code */,
			);
		};
/* End PBXProject section */

/* Begin PBXSourcesBuildPhase section */
		0364A87E1BB494EC00850EB6 /* Sources */ = {
			isa = PBXSourcesBuildPhase;
			buildActionMask = 2147483647;
			files = (
				0364A8A41BB616B000850EB6 /* SHCalc.cpp in Sources */,
				0364A8A11BB60E7100850EB6 /* BesselCalc.cpp in Sources */,
				0364A89B1BB605FB00850EB6 /* ASolver.cpp in Sources */,
				0364A8861BB494EC00850EB6 /* main.cpp in Sources */,
				0364A88E1BB495E700850EB6 /* Constants.cpp in Sources */,
				0364A8A71BBA1E6F00850EB6 /* System.cpp in Sources */,
			);
			runOnlyForDeploymentPostprocessing = 0;
		};
/* End PBXSourcesBuildPhase section */

/* Begin XCBuildConfiguration section */
		0364A8871BB494EC00850EB6 /* Debug */ = {
			isa = XCBuildConfiguration;
			buildSettings = {
				ALWAYS_SEARCH_USER_PATHS = NO;
				CLANG_CXX_LANGUAGE_STANDARD = "gnu++0x";
				CLANG_CXX_LIBRARY = "libc++";
				CLANG_ENABLE_MODULES = YES;
				CLANG_ENABLE_OBJC_ARC = YES;
				CLANG_WARN_BOOL_CONVERSION = YES;
				CLANG_WARN_CONSTANT_CONVERSION = YES;
				CLANG_WARN_DIRECT_OBJC_ISA_USAGE = YES_ERROR;
				CLANG_WARN_EMPTY_BODY = YES;
				CLANG_WARN_ENUM_CONVERSION = YES;
				CLANG_WARN_INT_CONVERSION = YES;
				CLANG_WARN_OBJC_ROOT_CLASS = YES_ERROR;
				CLANG_WARN_UNREACHABLE_CODE = YES;
				CLANG_WARN__DUPLICATE_METHOD_MATCH = YES;
				COPY_PHASE_STRIP = NO;
				DEBUG_INFORMATION_FORMAT = dwarf;
				ENABLE_STRICT_OBJC_MSGSEND = YES;
				ENABLE_TESTABILITY = YES;
				GCC_C_LANGUAGE_STANDARD = gnu99;
				GCC_DYNAMIC_NO_PIC = NO;
				GCC_NO_COMMON_BLOCKS = YES;
				GCC_OPTIMIZATION_LEVEL = 0;
				GCC_PREPROCESSOR_DEFINITIONS = (
					"DEBUG=1",
					"$(inherited)",
				);
				GCC_WARN_64_TO_32_BIT_CONVERSION = YES;
				GCC_WARN_ABOUT_RETURN_TYPE = YES_ERROR;
				GCC_WARN_UNDECLARED_SELECTOR = YES;
				GCC_WARN_UNINITIALIZED_AUTOS = YES_AGGRESSIVE;
				GCC_WARN_UNUSED_FUNCTION = YES;
				GCC_WARN_UNUSED_VARIABLE = YES;
				MACOSX_DEPLOYMENT_TARGET = 10.10;
				MTL_ENABLE_DEBUG_INFO = YES;
				ONLY_ACTIVE_ARCH = YES;
				SDKROOT = macosx;
			};
			name = Debug;
		};
		0364A8881BB494EC00850EB6 /* Release */ = {
			isa = XCBuildConfiguration;
			buildSettings = {
				ALWAYS_SEARCH_USER_PATHS = NO;
				CLANG_CXX_LANGUAGE_STANDARD = "gnu++0x";
				CLANG_CXX_LIBRARY = "libc++";
				CLANG_ENABLE_MODULES = YES;
				CLANG_ENABLE_OBJC_ARC = YES;
				CLANG_WARN_BOOL_CONVERSION = YES;
				CLANG_WARN_CONSTANT_CONVERSION = YES;
				CLANG_WARN_DIRECT_OBJC_ISA_USAGE = YES_ERROR;
				CLANG_WARN_EMPTY_BODY = YES;
				CLANG_WARN_ENUM_CONVERSION = YES;
				CLANG_WARN_INT_CONVERSION = YES;
				CLANG_WARN_OBJC_ROOT_CLASS = YES_ERROR;
				CLANG_WARN_UNREACHABLE_CODE = YES;
				CLANG_WARN__DUPLICATE_METHOD_MATCH = YES;
				COPY_PHASE_STRIP = NO;
				DEBUG_INFORMATION_FORMAT = "dwarf-with-dsym";
				ENABLE_NS_ASSERTIONS = NO;
				ENABLE_STRICT_OBJC_MSGSEND = YES;
				GCC_C_LANGUAGE_STANDARD = gnu99;
				GCC_NO_COMMON_BLOCKS = YES;
				GCC_WARN_64_TO_32_BIT_CONVERSION = YES;
				GCC_WARN_ABOUT_RETURN_TYPE = YES_ERROR;
				GCC_WARN_UNDECLARED_SELECTOR = YES;
				GCC_WARN_UNINITIALIZED_AUTOS = YES_AGGRESSIVE;
				GCC_WARN_UNUSED_FUNCTION = YES;
				GCC_WARN_UNUSED_VARIABLE = YES;
				MACOSX_DEPLOYMENT_TARGET = 10.10;
				MTL_ENABLE_DEBUG_INFO = NO;
				SDKROOT = macosx;
			};
			name = Release;
		};
		0364A88A1BB494EC00850EB6 /* Debug */ = {
			isa = XCBuildConfiguration;
			buildSettings = {
				CLANG_CXX_LANGUAGE_STANDARD = "c++98";
				CLANG_CXX_LIBRARY = "libstdc++";
				PRODUCT_NAME = "$(TARGET_NAME)";
			};
			name = Debug;
		};
		0364A88B1BB494EC00850EB6 /* Release */ = {
			isa = XCBuildConfiguration;
			buildSettings = {
				CLANG_CXX_LANGUAGE_STANDARD = "c++98";
				CLANG_CXX_LIBRARY = "libstdc++";
				PRODUCT_NAME = "$(TARGET_NAME)";
			};
			name = Release;
		};
/* End XCBuildConfiguration section */

/* Begin XCConfigurationList section */
		0364A87D1BB494EC00850EB6 /* Build configuration list for PBXProject "pb_solvers_code" */ = {
			isa = XCConfigurationList;
			buildConfigurations = (
				0364A8871BB494EC00850EB6 /* Debug */,
				0364A8881BB494EC00850EB6 /* Release */,
			);
			defaultConfigurationIsVisible = 0;
			defaultConfigurationName = Release;
		};
		0364A8891BB494EC00850EB6 /* Build configuration list for PBXNativeTarget "pb_solvers_code" */ = {
			isa = XCConfigurationList;
			buildConfigurations = (
				0364A88A1BB494EC00850EB6 /* Debug */,
				0364A88B1BB494EC00850EB6 /* Release */,
			);
			defaultConfigurationIsVisible = 0;
			defaultConfigurationName = Release;
		};
/* End XCConfigurationList section */
	};
	rootObject = 0364A87A1BB494EC00850EB6 /* Project object */;
}
